{
  "nodes": {
    "nixpkgs": {
      "locked": {
        "lastModified": 1737110817,
        "narHash": "sha256-DSenga8XjPaUV5KUFW/i3rNkN7jm9XmguW+qQ1ZJTR4=",
        "owner": "NixOS",
        "repo": "nixpkgs",
        "rev": "041c867bad68dfe34b78b2813028a2e2ea70a23c",
        "type": "github"
      },
      "original": {
        "owner": "NixOS",
        "ref": "nixpkgs-unstable",
        "repo": "nixpkgs",
        "type": "github"
      }
    },
    "root": {
      "inputs": {
        "nixpkgs": "nixpkgs",
        "selfup": "selfup"
      }
    },
    "selfup": {
      "inputs": {
        "nixpkgs": [
          "nixpkgs"
        ]
      },
      "locked": {
        "lastModified": 1733754336,
        "narHash": "sha256-Sy4LfPXqa2CKnySCFTLMwU5mSKxKOdeC52Yjoomcbvs=",
        "owner": "kachick",
        "repo": "selfup",
        "rev": "ecb158813e7ade0a2e9b88b186460d052a906f20",
        "type": "github"
      },
      "original": {
        "owner": "kachick",
        "ref": "v1.1.8",
        "repo": "selfup",
        "type": "github"
      }
    }
  },
  "root": "root",
  "version": 7
}
